
Microsoft Visual Studio Solution File, Format Version 12.00
# Visual Studio Version 17
VisualStudioVersion = 17.3.32929.385
MinimumVisualStudioVersion = 10.0.40219.1
Project("{8BC9CEB8-8B4A-11D0-8D11-00A0C91BC942}") = "my_strcat", "my_strcat\my_strcat.vcxproj", "{3E1A4E5A-9F8F-4F50-ABC3-2E0827B9397C}"
EndProject
Global
	GlobalSection(SolutionConfigurationPlatforms) = preSolution
		Debug|x64 = Debug|x64
		Debug|x86 = Debug|x86
		Release|x64 = Release|x64
		Release|x86 = Release|x86
	EndGlobalSection
	GlobalSection(ProjectConfigurationPlatforms) = postSolution
		{3E1A4E5A-9F8F-4F50-ABC3-2E0827B9397C}.Debug|x64.ActiveCfg = Debug|x64
		{3E1A4E5A-9F8F-4F50-ABC3-2E0827B9397C}.Debug|x64.Build.0 = Debug|x64
		{3E1A4E5A-9F8F-4F50-ABC3-2E0827B9397C}.Debug|x86.ActiveCfg = Debug|Win32
		{3E1A4E5A-9F8F-4F50-ABC3-2E0827B9397C}.Debug|x86.Build.0 = Debug|Win32
		{3E1A4E5A-9F8F-4F50-ABC3-2E0827B9397C}.Release|x64.ActiveCfg = Release|x64
		{3E1A4E5A-9F8F-4F50-ABC3-2E0827B9397C}.Release|x64.Build.0 = Release|x64
		{3E1A4E5A-9F8F-4F50-ABC3-2E0827B9397C}.Release|x86.ActiveCfg = Release|Win32
		{3E1A4E5A-9F8F-4F50-ABC3-2E0827B9397C}.Release|x86.Build.0 = Release|Win32
	EndGlobalSection
	GlobalSection(SolutionProperties) = preSolution
		HideSolutionNode = FALSE
	EndGlobalSection
	GlobalSection(ExtensibilityGlobals) = postSolution
		SolutionGuid = {8C58B55D-41E0-4EBF-84C4-7E221F0741AC}
	EndGlobalSection
EndGlobal
